
Microsoft Visual Studio Solution File, Format Version 12.00
# Visual Studio Version 16
VisualStudioVersion = 16.0.28729.10
MinimumVisualStudioVersion = 10.0.40219.1
Project("{FAE04EC0-301F-11D3-BF4B-00C04F79EFBC}") = "Life", "Life\Life.csproj", "{DA50273B-4975-4D28-AB1A-F776C2F4FBFC}"
EndProject
Global
	GlobalSection(SolutionConfigurationPlatforms) = preSolution
		Debug|Any CPU = Debug|Any CPU
		Release|Any CPU = Release|Any CPU
	EndGlobalSection
	GlobalSection(ProjectConfigurationPlatforms) = postSolution
		{DA50273B-4975-4D28-AB1A-F776C2F4FBFC}.Debug|Any CPU.ActiveCfg = Debug|Any CPU
		{DA50273B-4975-4D28-AB1A-F776C2F4FBFC}.Debug|Any CPU.Build.0 = Debug|Any CPU
		{DA50273B-4975-4D28-AB1A-F776C2F4FBFC}.Release|Any CPU.ActiveCfg = Release|Any CPU
		{DA50273B-4975-4D28-AB1A-F776C2F4FBFC}.Release|Any CPU.Build.0 = Release|Any CPU
	EndGlobalSection
	GlobalSection(SolutionProperties) = preSolution
		HideSolutionNode = FALSE
	EndGlobalSection
	GlobalSection(ExtensibilityGlobals) = postSolution
		SolutionGuid = {1BF80587-9D01-4BA2-B797-A6C0EDE9641D}
	EndGlobalSection
EndGlobal
